Microsoft Visual Studio Solution File, Format Version 12.00
# Visual Studio 15
VisualStudioVersion = 15.0.27102.0
MinimumVisualStudioVersion = 15.0.26124.0
Project("{9A19103F-16F7-4668-BE54-9A1E7A4F7556}") = "dotnetapp", "dotnetapp\dotnetapp.csproj", "{666DF992-C727-449B-BFC5-2887371D7D30}"
EndProject
Project("{9A19103F-16F7-4668-BE54-9A1E7A4F7556}") = "dotnetlib", "dotnetlib\dotnetlib.csproj", "{C64EEC65-F6F6-4EFD-A1D7-1D95048A7629}"
EndProject
Global
	GlobalSection(SolutionConfigurationPlatforms) = preSolution
		Debug|Any CPU = Debug|Any CPU
		Debug|x64 = Debug|x64
		Debug|x86 = Debug|x86
		Release|Any CPU = Release|Any CPU
		Release|x64 = Release|x64
		Release|x86 = Release|x86
	EndGlobalSection
	GlobalSection(ProjectConfigurationPlatforms) = postSolution
		{666DF992-C727-449B-BFC5-2887371D7D30}.Debug|Any CPU.ActiveCfg = Debug|Any CPU
		{666DF992-C727-449B-BFC5-2887371D7D30}.Debug|Any CPU.Build.0 = Debug|Any CPU
		{666DF992-C727-449B-BFC5-2887371D7D30}.Debug|x64.ActiveCfg = Debug|Any CPU
		{666DF992-C727-449B-BFC5-2887371D7D30}.Debug|x64.Build.0 = Debug|Any CPU
		{666DF992-C727-449B-BFC5-2887371D7D30}.Debug|x86.ActiveCfg = Debug|Any CPU
		{666DF992-C727-449B-BFC5-2887371D7D30}.Debug|x86.Build.0 = Debug|Any CPU
		{666DF992-C727-449B-BFC5-2887371D7D30}.Release|Any CPU.ActiveCfg = Release|Any CPU
		{666DF992-C727-449B-BFC5-2887371D7D30}.Release|Any CPU.Build.0 = Release|Any CPU
		{666DF992-C727-449B-BFC5-2887371D7D30}.Release|x64.ActiveCfg = Release|Any CPU
		{666DF992-C727-449B-BFC5-2887371D7D30}.Release|x64.Build.0 = Release|Any CPU
		{666DF992-C727-449B-BFC5-2887371D7D30}.Release|x86.ActiveCfg = Release|Any CPU
		{666DF992-C727-449B-BFC5-2887371D7D30}.Release|x86.Build.0 = Release|Any CPU
		{C64EEC65-F6F6-4EFD-A1D7-1D95048A7629}.Debug|Any CPU.ActiveCfg = Debug|Any CPU
		{C64EEC65-F6F6-4EFD-A1D7-1D95048A7629}.Debug|Any CPU.Build.0 = Debug|Any CPU
		{C64EEC65-F6F6-4EFD-A1D7-1D95048A7629}.Debug|x64.ActiveCfg = Debug|Any CPU
		{C64EEC65-F6F6-4EFD-A1D7-1D95048A7629}.Debug|x64.Build.0 = Debug|Any CPU
		{C64EEC65-F6F6-4EFD-A1D7-1D95048A7629}.Debug|x86.ActiveCfg = Debug|Any CPU
		{C64EEC65-F6F6-4EFD-A1D7-1D95048A7629}.Debug|x86.Build.0 = Debug|Any CPU
		{C64EEC65-F6F6-4EFD-A1D7-1D95048A7629}.Release|Any CPU.ActiveCfg = Release|Any CPU
		{C64EEC65-F6F6-4EFD-A1D7-1D95048A7629}.Release|Any CPU.Build.0 = Release|Any CPU
		{C64EEC65-F6F6-4EFD-A1D7-1D95048A7629}.Release|x64.ActiveCfg = Release|Any CPU
		{C64EEC65-F6F6-4EFD-A1D7-1D95048A7629}.Release|x64.Build.0 = Release|Any CPU
		{C64EEC65-F6F6-4EFD-A1D7-1D95048A7629}.Release|x86.ActiveCfg = Release|Any CPU
		{C64EEC65-F6F6-4EFD-A1D7-1D95048A7629}.Release|x86.Build.0 = Release|Any CPU
	EndGlobalSection
	GlobalSection(SolutionProperties) = preSolution
		HideSolutionNode = FALSE
	EndGlobalSection
	GlobalSection(ExtensibilityGlobals) = postSolution
		SolutionGuid = {A629FA09-DD98-4C42-9846-0C58C45A83B3}
	EndGlobalSection
EndGlobal
